<Project xmlns="http://schemas.microsoft.com/developer/msbuild/2003">
    <PropertyGroup>
        <ProjectGuid>{BE0673CC-8195-43D1-BAD0-CA789FEB4601}</ProjectGuid>
        <MainSource>KHFCv2.dpr</MainSource>
        <Base>True</Base>
        <Config Condition="'$(Config)'==''">Debug</Config>
        <TargetedPlatforms>1025</TargetedPlatforms>
        <AppType>Application</AppType>
        <FrameworkType>VCL</FrameworkType>
        <ProjectVersion>18.2</ProjectVersion>
        <Platform Condition="'$(Platform)'==''">Win32</Platform>
    </PropertyGroup>
    <PropertyGroup Condition="'$(Config)'=='Base' or '$(Base)'!=''">
        <Base>true</Base>
    </PropertyGroup>
    <PropertyGroup Condition="('$(Platform)'=='Win32' and '$(Base)'=='true') or '$(Base_Win32)'!=''">
        <Base_Win32>true</Base_Win32>
        <CfgParent>Base</CfgParent>
        <Base>true</Base>
    </PropertyGroup>
    <PropertyGroup Condition="('$(Platform)'=='Win64' and '$(Base)'=='true') or '$(Base_Win64)'!=''">
        <Base_Win64>true</Base_Win64>
        <CfgParent>Base</CfgParent>
        <Base>true</Base>
    </PropertyGroup>
    <PropertyGroup Condition="'$(Config)'=='Release' or '$(Cfg_1)'!=''">
        <Cfg_1>true</Cfg_1>
        <CfgParent>Base</CfgParent>
        <Base>true</Base>
    </PropertyGroup>
    <PropertyGroup Condition="('$(Platform)'=='Win32' and '$(Cfg_1)'=='true') or '$(Cfg_1_Win32)'!=''">
        <Cfg_1_Win32>true</Cfg_1_Win32>
        <CfgParent>Cfg_1</CfgParent>
        <Cfg_1>true</Cfg_1>
        <Base>true</Base>
    </PropertyGroup>
    <PropertyGroup Condition="'$(Config)'=='Debug' or '$(Cfg_2)'!=''">
        <Cfg_2>true</Cfg_2>
        <CfgParent>Base</CfgParent>
        <Base>true</Base>
    </PropertyGroup>
    <PropertyGroup Condition="('$(Platform)'=='Win32' and '$(Cfg_2)'=='true') or '$(Cfg_2_Win32)'!=''">
        <Cfg_2_Win32>true</Cfg_2_Win32>
        <CfgParent>Cfg_2</CfgParent>
        <Cfg_2>true</Cfg_2>
        <Base>true</Base>
    </PropertyGroup>
    <PropertyGroup Condition="'$(Base)'!=''">
        <DCC_DebugInformation>1</DCC_DebugInformation>
        <DCC_Namespace>Vcl;Vcl.Imaging;Vcl.Touch;Vcl.Samples;Vcl.Shell;System;Xml;Data;Datasnap;Web;Soap;System.Win;Winapi;$(DCC_Namespace)</DCC_Namespace>
        <DCC_S>false</DCC_S>
        <DCC_E>false</DCC_E>
        <DCC_ImageBase>00400000</DCC_ImageBase>
        <VerInfo_Locale>1046</VerInfo_Locale>
        <DCC_WriteableConstants>true</DCC_WriteableConstants>
        <DCC_UNSAFE_CAST>true</DCC_UNSAFE_CAST>
        <DCC_N>true</DCC_N>
        <DCC_UNSAFE_CODE>true</DCC_UNSAFE_CODE>
        <DCC_F>false</DCC_F>
        <DCC_UsePackage>vcl;rtl;dbrtl;inet;inetdb;dsnap;bdertl;vclx;vcldb;vcldbx;visualclx;visualdbclx;vclactnband;vclshlctrls;vclie;xmlrtl;inetdbbde;inetdbxpress;webdsnap;soaprtl;websnap;adortl;dbexpress;dsnapcon;dbxcds;ibxpress;teeui;teedb;tee;VclSmp;qrpt;teeqr;Rave50CLX;Rave50VCL;IntrawebDB_50_70;Intraweb_50_70;VclNewlyext;FlatStyle_D7;RbControlsD7;MKGameNetwork;csTwain60;se_d7;CPortLib7;HotKeyManager_D6plus;iocomp70;fsIBX7;fs7;fsDB7;fsBDE7;fsADO7;vclSQLMemTabled7;cxWebPascalScriptD7;mxPlugIn_D7;WinSkinD7R;cxWebD7;dxmdsD7;dxGDIPlusD7;cxLibraryVCLD7;dxNavBarD7;dxdborD7;dxorgcD7;dxMasterViewD7;dxComnD7;dxLayoutControlD7;cxEditorsVCLD7;cxDataD7;dxThemeD7;cxExtEditorsVCLD7;dxdbtrD7;dxtrmdD7;dxBarD7;dxBarDBNavD7;dxRibbonD7;dxBarExtItemsD7;dxBarExtDBItemsD7;dxFlowChartD7;dxLayoutControlcxEditAdaptersD7;cxPageControlVCLD7;cxPivotGridD7;cxGridD7;cxTreeListVCLD7;cxSchedulerVCLD7;cxWebTeeChartD7;cxSpreadSheetVCLD7;cxVerticalGridVCLD7;cxWebSnapD7;dxPScxSSLnkD7;dxPSCoreD7;dxPScxPCProdD7;dxPSTeeChartD7;dxPsPrVwAdvD7;dxPSLnksD7;dxPSdxOCLnkD7;dxPSdxMVLnkD7;dxPSdxLCLnkD7;dxPSdxFCLnkD7;dxPSdxDBTVLnkD7;dxPSdxDBOCLnkD7;dxPSDBTeeChartD7;dxPScxCommonD7;dxPScxExtCommonD7;dxPScxGrid6LnkD7;dxPScxPivotGridLnkD7;dxPScxTLLnkD7;dxPScxVGridLnkD7;dclCnPack_D7;CnPack_D7;SynEdit_R7;SynEdit_D7_CLX;SynEdit_D7_PE;SynWeb_R7;RaizeComponentsVcl;RaizeComponentsVclDb;hLock_pack;cxEditor7;lmd70_d7;lmdbar10_d7;lmd70db_d7;lmddsg20_d7;lmdrtf30_d7;lmdrtf30db_d7;lmdsh30_d7;lmdsp20db_D7;lmdsp20_d7;lmdstorage10_d7;lmdsys20_d7;lmdtxt70_d7;lmdtxt70db_d7;lmdweb30_d7;LeisETC;cxWFlatDB7;tb2k_d7;tbx_d7;FR7;AugustineVCL;SOffice;AppControlsD7;DSPack_D7;DirectX9_D7;se_db_d7;A406_R70;FIBDBMidas7;CoolTrayIcon_D6plus;VirtualTreesD7;OverbyteIcsDel70;RStyleD7;PCK_ALCINOE;IndyCore70;IndySystem70;IndyProtocols70;dacvcl70;dac70;odacvcl70;odac70;oraprov70;ibdacvcl70;ibdac70;mydacvcl70;mydac70;sdacvcl70;sdac70;Vcwd7;mxProtector_d7;psvPluginD7;dxPScxScheduler2LnkD7;dfs;HalconD7;GeoCADD7;SuperMap5;sgGrpVw7;frxTee7;ZipmasterD7;frx7;wPDF3_D7;frxe7;NexusDB305sscr70;NexusDB305db70;NexusDB305sd70;NexusDB305ll70;NexusDB305scr70;NexusDB305sr70;NexusDB305psi70;NexusDB305iv70;NexusDB305rb70;NexusDB305psd70;NexusDB305rp70;NexusDB305si70;NexusDB305pv70;NexusDB305tm70;NexusDB305pt70;NexusDB305ts70;NexusDB305tc70;NexusDB305tn70;NexusDB305tw70;NexusDB305sq70;NexusDB305se70;NexusDB305ch70;NexusDB305st70;NexusDB305re70;NexusDB305lg70;frxADO7;frxBDE7;frxDB7;frxDBX7;frxIBX7;cxWSheet8;vclAbsDBd7;NxCommonRun;NxCommonDsgn;NxCollectionRun;NxCollectionDsgn;NxThirdpartyRun;NxGridRun;NxDBGridRun;NxGridDsgn;NxDBThirdpartyRun;NxInspectorRun;NxInspectorDsgn;NxSheetRun;kbmMemD7Run;RxCtl7;ip4000wordxpvcl7;ip4000v7;ip4000clientvcl7;frxcs7;TMSD7;tmsexd7;tmsxlsd7;tmswizd7;ACS;MyLib_D7;Hydra_Core_D7;GR32_D7;GR32_DSGN_D7;EurekaLogCore;Jcl;$(DCC_UsePackage)</DCC_UsePackage>
        <DCC_UNSAFE_TYPE>true</DCC_UNSAFE_TYPE>
        <DCC_K>false</DCC_K>
        <SanitizedProjectName>KHFCv2</SanitizedProjectName>
        <DCC_UnitSearchPath>C:\Borland\Delphi7\Source\VCL;$(DCC_UnitSearchPath)</DCC_UnitSearchPath>
        <VerInfo_Keys>CompanyName=;FileDescription=;FileVersion=1.0.0.0;InternalName=;LegalCopyright=;LegalTrademarks=;OriginalFilename=;ProductName=;ProductVersion=1.0.0.0;Comments=</VerInfo_Keys>
        <DCC_SymbolReferenceInfo>1</DCC_SymbolReferenceInfo>
    </PropertyGroup>
    <PropertyGroup Condition="'$(Base_Win32)'!=''">
        <VerInfo_IncludeVerInfo>true</VerInfo_IncludeVerInfo>
        <UWP_DelphiLogo44>$(BDS)\bin\Artwork\Windows\UWP\delphi_UwpDefault_44.png</UWP_DelphiLogo44>
        <DCC_Namespace>Winapi;System.Win;Data.Win;Datasnap.Win;Web.Win;Soap.Win;Xml.Win;Bde;$(DCC_Namespace)</DCC_Namespace>
        <VerInfo_Locale>1033</VerInfo_Locale>
        <Manifest_File>$(BDS)\bin\default_app.manifest</Manifest_File>
        <AppEnableRuntimeThemes>true</AppEnableRuntimeThemes>
        <Icon_MainIcon>KHFCv2_Icon.ico</Icon_MainIcon>
        <BT_BuildType>Debug</BT_BuildType>
        <VerInfo_Keys>CompanyName=;FileDescription=$(MSBuildProjectName);FileVersion=1.0.0.0;InternalName=;LegalCopyright=;LegalTrademarks=;OriginalFilename=;ProductName=$(MSBuildProjectName);ProductVersion=1.0.0.0;Comments=;ProgramID=com.embarcadero.$(ModuleName)</VerInfo_Keys>
        <UWP_DelphiLogo150>$(BDS)\bin\Artwork\Windows\UWP\delphi_UwpDefault_150.png</UWP_DelphiLogo150>
    </PropertyGroup>
    <PropertyGroup Condition="'$(Base_Win64)'!=''">
        <UWP_DelphiLogo44>$(BDS)\bin\Artwork\Windows\UWP\delphi_UwpDefault_44.png</UWP_DelphiLogo44>
        <UWP_DelphiLogo150>$(BDS)\bin\Artwork\Windows\UWP\delphi_UwpDefault_150.png</UWP_DelphiLogo150>
        <Icon_MainIcon>KHFCv2_Icon.ico</Icon_MainIcon>
    </PropertyGroup>
    <PropertyGroup Condition="'$(Cfg_1)'!=''">
        <DCC_LocalDebugSymbols>false</DCC_LocalDebugSymbols>
        <DCC_DebugInformation>0</DCC_DebugInformation>
        <DCC_Define>RELEASE;$(DCC_Define)</DCC_Define>
        <DCC_SymbolReferenceInfo>0</DCC_SymbolReferenceInfo>
    </PropertyGroup>
    <PropertyGroup Condition="'$(Cfg_1_Win32)'!=''">
        <AppEnableHighDPI>true</AppEnableHighDPI>
        <AppEnableRuntimeThemes>true</AppEnableRuntimeThemes>
    </PropertyGroup>
    <PropertyGroup Condition="'$(Cfg_2)'!=''">
        <DCC_GenerateStackFrames>true</DCC_GenerateStackFrames>
        <DCC_Define>DEBUG;$(DCC_Define)</DCC_Define>
        <DCC_Optimize>false</DCC_Optimize>
    </PropertyGroup>
    <PropertyGroup Condition="'$(Cfg_2_Win32)'!=''">
        <AppEnableHighDPI>true</AppEnableHighDPI>
        <AppEnableRuntimeThemes>true</AppEnableRuntimeThemes>
    </PropertyGroup>
    <ItemGroup>
        <DelphiCompile Include="$(MainSource)">
            <MainSource>MainSource</MainSource>
        </DelphiCompile>
        <DCCReference Include="Main.pas">
            <Form>FrmKHFC</Form>
        </DCCReference>
        <DCCReference Include="KHFCPool.pas"/>
        <DCCReference Include="KHFC_Protocol.pas"/>
        <DCCReference Include="Data.pas">
            <Form>DM</Form>
            <DesignClass>TDataModule</DesignClass>
        </DCCReference>
        <BuildConfiguration Include="Debug">
            <Key>Cfg_2</Key>
            <CfgParent>Base</CfgParent>
        </BuildConfiguration>
        <BuildConfiguration Include="Base">
            <Key>Base</Key>
        </BuildConfiguration>
        <BuildConfiguration Include="Release">
            <Key>Cfg_1</Key>
            <CfgParent>Base</CfgParent>
        </BuildConfiguration>
    </ItemGroup>
    <ProjectExtensions>
        <Borland.Personality>Delphi.Personality.12</Borland.Personality>
        <Borland.ProjectType/>
        <BorlandProject>
            <Delphi.Personality>
                <Source>
                    <Source Name="MainSource">KHFCv2.dpr</Source>
                </Source>
            </Delphi.Personality>
            <Platforms>
                <Platform value="iOSDevice64">True</Platform>
                <Platform value="Win32">True</Platform>
                <Platform value="Win64">False</Platform>
            </Platforms>
        </BorlandProject>
        <ProjectFileVersion>12</ProjectFileVersion>
    </ProjectExtensions>
    <Import Project="$(BDS)\Bin\CodeGear.Delphi.Targets" Condition="Exists('$(BDS)\Bin\CodeGear.Delphi.Targets')"/>
    <Import Project="$(APPDATA)\Embarcadero\$(BDSAPPDATABASEDIR)\$(PRODUCTVERSION)\UserTools.proj" Condition="Exists('$(APPDATA)\Embarcadero\$(BDSAPPDATABASEDIR)\$(PRODUCTVERSION)\UserTools.proj')"/>
</Project>
